
Microsoft Visual Studio Solution File, Format Version 12.00
# Visual Studio Version 16
VisualStudioVersion = 16.0.29324.140
MinimumVisualStudioVersion = 10.0.40219.1
Project("{FAE04EC0-301F-11D3-BF4B-00C04F79EFBC}") = "XGames.Domain", "XGames.Domain\XGames.Domain.csproj", "{EEA59AFD-49EC-4D97-9D60-A8397C1E3CD0}"
EndProject
Project("{FAE04EC0-301F-11D3-BF4B-00C04F79EFBC}") = "XGames.ConsoleAplication", "XGames.Console\XGames.ConsoleAplication.csproj", "{AE0F04B2-3AA3-42A2-B365-BF058E02D539}"
EndProject
Project("{FAE04EC0-301F-11D3-BF4B-00C04F79EFBC}") = "XGames.Infra", "XGames.Infra\XGames.Infra.csproj", "{59F89644-3BF2-417B-AAAB-0A1A9569F4DB}"
EndProject
Project("{FAE04EC0-301F-11D3-BF4B-00C04F79EFBC}") = "XGames.IoC", "XGames.IoC\XGames.IoC.csproj", "{60C956D1-3CDF-47ED-A667-07B866CED5A6}"
EndProject
Global
	GlobalSection(SolutionConfigurationPlatforms) = preSolution
		Debug|Any CPU = Debug|Any CPU
		Release|Any CPU = Release|Any CPU
	EndGlobalSection
	GlobalSection(ProjectConfigurationPlatforms) = postSolution
		{EEA59AFD-49EC-4D97-9D60-A8397C1E3CD0}.Debug|Any CPU.ActiveCfg = Debug|Any CPU
		{EEA59AFD-49EC-4D97-9D60-A8397C1E3CD0}.Debug|Any CPU.Build.0 = Debug|Any CPU
		{EEA59AFD-49EC-4D97-9D60-A8397C1E3CD0}.Release|Any CPU.ActiveCfg = Release|Any CPU
		{EEA59AFD-49EC-4D97-9D60-A8397C1E3CD0}.Release|Any CPU.Build.0 = Release|Any CPU
		{AE0F04B2-3AA3-42A2-B365-BF058E02D539}.Debug|Any CPU.ActiveCfg = Debug|Any CPU
		{AE0F04B2-3AA3-42A2-B365-BF058E02D539}.Debug|Any CPU.Build.0 = Debug|Any CPU
		{AE0F04B2-3AA3-42A2-B365-BF058E02D539}.Release|Any CPU.ActiveCfg = Release|Any CPU
		{AE0F04B2-3AA3-42A2-B365-BF058E02D539}.Release|Any CPU.Build.0 = Release|Any CPU
		{59F89644-3BF2-417B-AAAB-0A1A9569F4DB}.Debug|Any CPU.ActiveCfg = Debug|Any CPU
		{59F89644-3BF2-417B-AAAB-0A1A9569F4DB}.Debug|Any CPU.Build.0 = Debug|Any CPU
		{59F89644-3BF2-417B-AAAB-0A1A9569F4DB}.Release|Any CPU.ActiveCfg = Release|Any CPU
		{59F89644-3BF2-417B-AAAB-0A1A9569F4DB}.Release|Any CPU.Build.0 = Release|Any CPU
		{60C956D1-3CDF-47ED-A667-07B866CED5A6}.Debug|Any CPU.ActiveCfg = Debug|Any CPU
		{60C956D1-3CDF-47ED-A667-07B866CED5A6}.Debug|Any CPU.Build.0 = Debug|Any CPU
		{60C956D1-3CDF-47ED-A667-07B866CED5A6}.Release|Any CPU.ActiveCfg = Release|Any CPU
		{60C956D1-3CDF-47ED-A667-07B866CED5A6}.Release|Any CPU.Build.0 = Release|Any CPU
	EndGlobalSection
	GlobalSection(SolutionProperties) = preSolution
		HideSolutionNode = FALSE
	EndGlobalSection
	GlobalSection(ExtensibilityGlobals) = postSolution
		SolutionGuid = {98064C27-40A7-4407-9C92-FDCFD48E24CC}
	EndGlobalSection
EndGlobal
